
Microsoft Visual Studio Solution File, Format Version 10.00
# Visual Studio 2008
Project("{8BC9CEB8-8B4A-11D0-8D11-00A0C91BC942}") = "SimpleStream", "SimpleStream.vcproj", "{A5476C0B-9120-44CD-A5C5-38F503828DED}"
EndProject
Global
	GlobalSection(SolutionConfigurationPlatforms) = preSolution
		Debug|Win32 = Debug|Win32
		Release|Win32 = Release|Win32
	EndGlobalSection
	GlobalSection(ProjectConfigurationPlatforms) = postSolution
		{A5476C0B-9120-44CD-A5C5-38F503828DED}.Debug|Win32.ActiveCfg = Debug|Win32
		{A5476C0B-9120-44CD-A5C5-38F503828DED}.Debug|Win32.Build.0 = Debug|Win32
		{A5476C0B-9120-44CD-A5C5-38F503828DED}.Release|Win32.ActiveCfg = Release|Win32
		{A5476C0B-9120-44CD-A5C5-38F503828DED}.Release|Win32.Build.0 = Release|Win32
	EndGlobalSection
	GlobalSection(SolutionProperties) = preSolution
		HideSolutionNode = FALSE
	EndGlobalSection
EndGlobal
